// !$*UTF8*$!
{
	archiveVersion = 1;
	classes = {
	};
	objectVersion = 46;
	objects = {

/* Begin PBXBuildFile section */
		C508922F15E46BCF00BA4AD5 /* UIKit.framework in Frameworks */ = {isa = PBXBuildFile; fileRef = C508922E15E46BCF00BA4AD5 /* UIKit.framework */; };
		C508923115E46BCF00BA4AD5 /* Foundation.framework in Frameworks */ = {isa = PBXBuildFile; fileRef = C508923015E46BCF00BA4AD5 /* Foundation.framework */; };
		C508923315E46BCF00BA4AD5 /* CoreGraphics.framework in Frameworks */ = {isa = PBXBuildFile; fileRef = C508923215E46BCF00BA4AD5 /* CoreGraphics.framework */; };
		C508923915E46BCF00BA4AD5 /* InfoPlist.strings in Resources */ = {isa = PBXBuildFile; fileRef = C508923715E46BCF00BA4AD5 /* InfoPlist.strings */; };
		C508923B15E46BCF00BA4AD5 /* main.m in Sources */ = {isa = PBXBuildFile; fileRef = C508923A15E46BCF00BA4AD5 /* main.m */; };
		C508923F15E46BCF00BA4AD5 /* VLLAppDelegate.m in Sources */ = {isa = PBXBuildFile; fileRef = C508923E15E46BCF00BA4AD5 /* VLLAppDelegate.m */; };
		C508924215E46BCF00BA4AD5 /* MainStoryboard_iPhone.storyboard in Resources */ = {isa = PBXBuildFile; fileRef = C508924015E46BCF00BA4AD5 /* MainStoryboard_iPhone.storyboard */; };
		C508924515E46BCF00BA4AD5 /* MainStoryboard_iPad.storyboard in Resources */ = {isa = PBXBuildFile; fileRef = C508924315E46BCF00BA4AD5 /* MainStoryboard_iPad.storyboard */; };
		C508924815E46BCF00BA4AD5 /* VLLMainViewController.m in Sources */ = {isa = PBXBuildFile; fileRef = C508924715E46BCF00BA4AD5 /* VLLMainViewController.m */; };
		C508924B15E46BD000BA4AD5 /* VLLFlipsideViewController.m in Sources */ = {isa = PBXBuildFile; fileRef = C508924A15E46BD000BA4AD5 /* VLLFlipsideViewController.m */; };
		C508925215E46C2B00BA4AD5 /* Twitter.framework in Frameworks */ = {isa = PBXBuildFile; fileRef = C508925115E46C2B00BA4AD5 /* Twitter.framework */; };
/* End PBXBuildFile section */

/* Begin PBXFileReference section */
		C508922A15E46BCF00BA4AD5 /* Tweet2Speech.app */ = {isa = PBXFileReference; explicitFileType = wrapper.application; includeInIndex = 0; path = Tweet2Speech.app; sourceTree = BUILT_PRODUCTS_DIR; };
		C508922E15E46BCF00BA4AD5 /* UIKit.framework */ = {isa = PBXFileReference; lastKnownFileType = wrapper.framework; name = UIKit.framework; path = System/Library/Frameworks/UIKit.framework; sourceTree = SDKROOT; };
		C508923015E46BCF00BA4AD5 /* Foundation.framework */ = {isa = PBXFileReference; lastKnownFileType = wrapper.framework; name = Foundation.framework; path = System/Library/Frameworks/Foundation.framework; sourceTree = SDKROOT; };
		C508923215E46BCF00BA4AD5 /* CoreGraphics.framework */ = {isa = PBXFileReference; lastKnownFileType = wrapper.framework; name = CoreGraphics.framework; path = System/Library/Frameworks/CoreGraphics.framework; sourceTree = SDKROOT; };
		C508923615E46BCF00BA4AD5 /* Tweet2Speech-Info.plist */ = {isa = PBXFileReference; lastKnownFileType = text.plist.xml; path = "Tweet2Speech-Info.plist"; sourceTree = "<group>"; };
		C508923815E46BCF00BA4AD5 /* en */ = {isa = PBXFileReference; lastKnownFileType = text.plist.strings; name = en; path = en.lproj/InfoPlist.strings; sourceTree = "<group>"; };
		C508923A15E46BCF00BA4AD5 /* main.m */ = {isa = PBXFileReference; lastKnownFileType = sourcecode.c.objc; path = main.m; sourceTree = "<group>"; };
		C508923C15E46BCF00BA4AD5 /* Tweet2Speech-Prefix.pch */ = {isa = PBXFileReference; lastKnownFileType = sourcecode.c.h; path = "Tweet2Speech-Prefix.pch"; sourceTree = "<group>"; };
		C508923D15E46BCF00BA4AD5 /* VLLAppDelegate.h */ = {isa = PBXFileReference; lastKnownFileType = sourcecode.c.h; path = VLLAppDelegate.h; sourceTree = "<group>"; };
		C508923E15E46BCF00BA4AD5 /* VLLAppDelegate.m */ = {isa = PBXFileReference; lastKnownFileType = sourcecode.c.objc; path = VLLAppDelegate.m; sourceTree = "<group>"; };
		C508924115E46BCF00BA4AD5 /* en */ = {isa = PBXFileReference; lastKnownFileType = file.storyboard; name = en; path = en.lproj/MainStoryboard_iPhone.storyboard; sourceTree = "<group>"; };
		C508924415E46BCF00BA4AD5 /* en */ = {isa = PBXFileReference; lastKnownFileType = file.storyboard; name = en; path = en.lproj/MainStoryboard_iPad.storyboard; sourceTree = "<group>"; };
		C508924615E46BCF00BA4AD5 /* VLLMainViewController.h */ = {isa = PBXFileReference; lastKnownFileType = sourcecode.c.h; path = VLLMainViewController.h; sourceTree = "<group>"; };
		C508924715E46BCF00BA4AD5 /* VLLMainViewController.m */ = {isa = PBXFileReference; lastKnownFileType = sourcecode.c.objc; path = VLLMainViewController.m; sourceTree = "<group>"; };
		C508924915E46BD000BA4AD5 /* VLLFlipsideViewController.h */ = {isa = PBXFileReference; lastKnownFileType = sourcecode.c.h; path = VLLFlipsideViewController.h; sourceTree = "<group>"; };
		C508924A15E46BD000BA4AD5 /* VLLFlipsideViewController.m */ = {isa = PBXFileReference; lastKnownFileType = sourcecode.c.objc; path = VLLFlipsideViewController.m; sourceTree = "<group>"; };
		C508925115E46C2B00BA4AD5 /* Twitter.framework */ = {isa = PBXFileReference; lastKnownFileType = wrapper.framework; name = Twitter.framework; path = System/Library/Frameworks/Twitter.framework; sourceTree = SDKROOT; };
/* End PBXFileReference section */

/* Begin PBXFrameworksBuildPhase section */
		C508922715E46BCF00BA4AD5 /* Frameworks */ = {
			isa = PBXFrameworksBuildPhase;
			buildActionMask = 2147483647;
			files = (
				C508925215E46C2B00BA4AD5 /* Twitter.framework in Frameworks */,
				C508922F15E46BCF00BA4AD5 /* UIKit.framework in Frameworks */,
				C508923115E46BCF00BA4AD5 /* Foundation.framework in Frameworks */,
				C508923315E46BCF00BA4AD5 /* CoreGraphics.framework in Frameworks */,
			);
			runOnlyForDeploymentPostprocessing = 0;
		};
/* End PBXFrameworksBuildPhase section */

/* Begin PBXGroup section */
		C508921F15E46BCF00BA4AD5 = {
			isa = PBXGroup;
			children = (
				C508925115E46C2B00BA4AD5 /* Twitter.framework */,
				C508923415E46BCF00BA4AD5 /* Tweet2Speech */,
				C508922D15E46BCF00BA4AD5 /* Frameworks */,
				C508922B15E46BCF00BA4AD5 /* Products */,
			);
			sourceTree = "<group>";
		};
		C508922B15E46BCF00BA4AD5 /* Products */ = {
			isa = PBXGroup;
			children = (
				C508922A15E46BCF00BA4AD5 /* Tweet2Speech.app */,
			);
			name = Products;
			sourceTree = "<group>";
		};
		C508922D15E46BCF00BA4AD5 /* Frameworks */ = {
			isa = PBXGroup;
			children = (
				C508922E15E46BCF00BA4AD5 /* UIKit.framework */,
				C508923015E46BCF00BA4AD5 /* Foundation.framework */,
				C508923215E46BCF00BA4AD5 /* CoreGraphics.framework */,
			);
			name = Frameworks;
			sourceTree = "<group>";
		};
		C508923415E46BCF00BA4AD5 /* Tweet2Speech */ = {
			isa = PBXGroup;
			children = (
				C508923D15E46BCF00BA4AD5 /* VLLAppDelegate.h */,
				C508923E15E46BCF00BA4AD5 /* VLLAppDelegate.m */,
				C508924015E46BCF00BA4AD5 /* MainStoryboard_iPhone.storyboard */,
				C508924315E46BCF00BA4AD5 /* MainStoryboard_iPad.storyboard */,
				C508924615E46BCF00BA4AD5 /* VLLMainViewController.h */,
				C508924715E46BCF00BA4AD5 /* VLLMainViewController.m */,
				C508924915E46BD000BA4AD5 /* VLLFlipsideViewController.h */,
				C508924A15E46BD000BA4AD5 /* VLLFlipsideViewController.m */,
				C508923515E46BCF00BA4AD5 /* Supporting Files */,
			);
			path = Tweet2Speech;
			sourceTree = "<group>";
		};
		C508923515E46BCF00BA4AD5 /* Supporting Files */ = {
			isa = PBXGroup;
			children = (
				C508923615E46BCF00BA4AD5 /* Tweet2Speech-Info.plist */,
				C508923715E46BCF00BA4AD5 /* InfoPlist.strings */,
				C508923A15E46BCF00BA4AD5 /* main.m */,
				C508923C15E46BCF00BA4AD5 /* Tweet2Speech-Prefix.pch */,
			);
			name = "Supporting Files";
			sourceTree = "<group>";
		};
/* End PBXGroup section */

/* Begin PBXNativeTarget section */
		C508922915E46BCF00BA4AD5 /* Tweet2Speech */ = {
			isa = PBXNativeTarget;
			buildConfigurationList = C508924E15E46BD000BA4AD5 /* Build configuration list for PBXNativeTarget "Tweet2Speech" */;
			buildPhases = (
				C508922615E46BCF00BA4AD5 /* Sources */,
				C508922715E46BCF00BA4AD5 /* Frameworks */,
				C508922815E46BCF00BA4AD5 /* Resources */,
			);
			buildRules = (
			);
			dependencies = (
			);
			name = Tweet2Speech;
			productName = Tweet2Speech;
			productReference = C508922A15E46BCF00BA4AD5 /* Tweet2Speech.app */;
			productType = "com.apple.product-type.application";
		};
/* End PBXNativeTarget section */

/* Begin PBXProject section */
		C508922115E46BCF00BA4AD5 /* Project object */ = {
			isa = PBXProject;
			attributes = {
				CLASSPREFIX = VLL;
				LastUpgradeCheck = 0430;
				ORGANIZATIONNAME = "Stanford University";
			};
			buildConfigurationList = C508922415E46BCF00BA4AD5 /* Build configuration list for PBXProject "Tweet2Speech" */;
			compatibilityVersion = "Xcode 3.2";
			developmentRegion = English;
			hasScannedForEncodings = 0;
			knownRegions = (
				en,
			);
			mainGroup = C508921F15E46BCF00BA4AD5;
			productRefGroup = C508922B15E46BCF00BA4AD5 /* Products */;
			projectDirPath = "";
			projectRoot = "";
			targets = (
				C508922915E46BCF00BA4AD5 /* Tweet2Speech */,
			);
		};
/* End PBXProject section */

/* Begin PBXResourcesBuildPhase section */
		C508922815E46BCF00BA4AD5 /* Resources */ = {
			isa = PBXResourcesBuildPhase;
			buildActionMask = 2147483647;
			files = (
				C508923915E46BCF00BA4AD5 /* InfoPlist.strings in Resources */,
				C508924215E46BCF00BA4AD5 /* MainStoryboard_iPhone.storyboard in Resources */,
				C508924515E46BCF00BA4AD5 /* MainStoryboard_iPad.storyboard in Resources */,
			);
			runOnlyForDeploymentPostprocessing = 0;
		};
/* End PBXResourcesBuildPhase section */

/* Begin PBXSourcesBuildPhase section */
		C508922615E46BCF00BA4AD5 /* Sources */ = {
			isa = PBXSourcesBuildPhase;
			buildActionMask = 2147483647;
			files = (
				C508923B15E46BCF00BA4AD5 /* main.m in Sources */,
				C508923F15E46BCF00BA4AD5 /* VLLAppDelegate.m in Sources */,
				C508924815E46BCF00BA4AD5 /* VLLMainViewController.m in Sources */,
				C508924B15E46BD000BA4AD5 /* VLLFlipsideViewController.m in Sources */,
			);
			runOnlyForDeploymentPostprocessing = 0;
		};
/* End PBXSourcesBuildPhase section */

/* Begin PBXVariantGroup section */
		C508923715E46BCF00BA4AD5 /* InfoPlist.strings */ = {
			isa = PBXVariantGroup;
			children = (
				C508923815E46BCF00BA4AD5 /* en */,
			);
			name = InfoPlist.strings;
			sourceTree = "<group>";
		};
		C508924015E46BCF00BA4AD5 /* MainStoryboard_iPhone.storyboard */ = {
			isa = PBXVariantGroup;
			children = (
				C508924115E46BCF00BA4AD5 /* en */,
			);
			name = MainStoryboard_iPhone.storyboard;
			sourceTree = "<group>";
		};
		C508924315E46BCF00BA4AD5 /* MainStoryboard_iPad.storyboard */ = {
			isa = PBXVariantGroup;
			children = (
				C508924415E46BCF00BA4AD5 /* en */,
			);
			name = MainStoryboard_iPad.storyboard;
			sourceTree = "<group>";
		};
/* End PBXVariantGroup section */

/* Begin XCBuildConfiguration section */
		C508924C15E46BD000BA4AD5 /* Debug */ = {
			isa = XCBuildConfiguration;
			buildSettings = {
				ALWAYS_SEARCH_USER_PATHS = NO;
				ARCHS = "$(ARCHS_STANDARD_32_BIT)";
				CLANG_ENABLE_OBJC_ARC = YES;
				"CODE_SIGN_IDENTITY[sdk=iphoneos*]" = "iPhone Developer";
				COPY_PHASE_STRIP = NO;
				GCC_C_LANGUAGE_STANDARD = gnu99;
				GCC_DYNAMIC_NO_PIC = NO;
				GCC_OPTIMIZATION_LEVEL = 0;
				GCC_PREPROCESSOR_DEFINITIONS = (
					"DEBUG=1",
					"$(inherited)",
				);
				GCC_SYMBOLS_PRIVATE_EXTERN = NO;
				GCC_VERSION = com.apple.compilers.llvm.clang.1_0;
				GCC_WARN_ABOUT_RETURN_TYPE = YES;
				GCC_WARN_UNINITIALIZED_AUTOS = YES;
				GCC_WARN_UNUSED_VARIABLE = YES;
				IPHONEOS_DEPLOYMENT_TARGET = 5.1;
				SDKROOT = iphoneos;
				TARGETED_DEVICE_FAMILY = "1,2";
			};
			name = Debug;
		};
		C508924D15E46BD000BA4AD5 /* Release */ = {
			isa = XCBuildConfiguration;
			buildSettings = {
				ALWAYS_SEARCH_USER_PATHS = NO;
				ARCHS = "$(ARCHS_STANDARD_32_BIT)";
				CLANG_ENABLE_OBJC_ARC = YES;
				"CODE_SIGN_IDENTITY[sdk=iphoneos*]" = "iPhone Developer";
				COPY_PHASE_STRIP = YES;
				GCC_C_LANGUAGE_STANDARD = gnu99;
				GCC_VERSION = com.apple.compilers.llvm.clang.1_0;
				GCC_WARN_ABOUT_RETURN_TYPE = YES;
				GCC_WARN_UNINITIALIZED_AUTOS = YES;
				GCC_WARN_UNUSED_VARIABLE = YES;
				IPHONEOS_DEPLOYMENT_TARGET = 5.1;
				OTHER_CFLAGS = "-DNS_BLOCK_ASSERTIONS=1";
				SDKROOT = iphoneos;
				TARGETED_DEVICE_FAMILY = "1,2";
				VALIDATE_PRODUCT = YES;
			};
			name = Release;
		};
		C508924F15E46BD000BA4AD5 /* Debug */ = {
			isa = XCBuildConfiguration;
			buildSettings = {
				GCC_PRECOMPILE_PREFIX_HEADER = YES;
				GCC_PREFIX_HEADER = "Tweet2Speech/Tweet2Speech-Prefix.pch";
				INFOPLIST_FILE = "Tweet2Speech/Tweet2Speech-Info.plist";
				PRODUCT_NAME = "$(TARGET_NAME)";
				WRAPPER_EXTENSION = app;
			};
			name = Debug;
		};
		C508925015E46BD000BA4AD5 /* Release */ = {
			isa = XCBuildConfiguration;
			buildSettings = {
				GCC_PRECOMPILE_PREFIX_HEADER = YES;
				GCC_PREFIX_HEADER = "Tweet2Speech/Tweet2Speech-Prefix.pch";
				INFOPLIST_FILE = "Tweet2Speech/Tweet2Speech-Info.plist";
				PRODUCT_NAME = "$(TARGET_NAME)";
				WRAPPER_EXTENSION = app;
			};
			name = Release;
		};
/* End XCBuildConfiguration section */

/* Begin XCConfigurationList section */
		C508922415E46BCF00BA4AD5 /* Build configuration list for PBXProject "Tweet2Speech" */ = {
			isa = XCConfigurationList;
			buildConfigurations = (
				C508924C15E46BD000BA4AD5 /* Debug */,
				C508924D15E46BD000BA4AD5 /* Release */,
			);
			defaultConfigurationIsVisible = 0;
			defaultConfigurationName = Release;
		};
		C508924E15E46BD000BA4AD5 /* Build configuration list for PBXNativeTarget "Tweet2Speech" */ = {
			isa = XCConfigurationList;
			buildConfigurations = (
				C508924F15E46BD000BA4AD5 /* Debug */,
				C508925015E46BD000BA4AD5 /* Release */,
			);
			defaultConfigurationIsVisible = 0;
		};
/* End XCConfigurationList section */
	};
	rootObject = C508922115E46BCF00BA4AD5 /* Project object */;
}
